
Microsoft Visual Studio Solution File, Format Version 12.00
# Visual Studio Version 17
VisualStudioVersion = 17.5.33627.172
MinimumVisualStudioVersion = 10.0.40219.1
Project("{9A19103F-16F7-4668-BE54-9A1E7A4F7556}") = "MODAMSWeb", "MODAMSWeb\MODAMSWeb.csproj", "{08ADA952-163D-4B53-8C95-DDC5E271EE22}"
EndProject
Project("{9A19103F-16F7-4668-BE54-9A1E7A4F7556}") = "MODAMS.DataAccess", "MODAMS.DataAccess\MODAMS.DataAccess.csproj", "{10DF45A9-89BF-411E-8A1E-11929E8C9F62}"
EndProject
Project("{9A19103F-16F7-4668-BE54-9A1E7A4F7556}") = "MODAMS.Models", "MODAMS.Models\MODAMS.Models.csproj", "{D4EBFB29-81B3-43FA-97A8-3A6CF0FCC2B8}"
EndProject
Project("{9A19103F-16F7-4668-BE54-9A1E7A4F7556}") = "MODAMS.Utility", "MODAMS.Utility\MODAMS.Utility.csproj", "{3313D73D-C14E-4E50-87E3-293F2E1ED08C}"
EndProject
Project("{9A19103F-16F7-4668-BE54-9A1E7A4F7556}") = "MODAMS.ApplicationServices", "MODAMS.ApplicationServices\MODAMS.ApplicationServices.csproj", "{4B77EA9C-BA7A-48D5-8696-7314A8B557BB}"
EndProject
Project("{FAE04EC0-301F-11D3-BF4B-00C04F79EFBC}") = "MODAMS.Localization", "MODAMS.Localization\MODAMS.Localization.csproj", "{CBF653AE-C456-4359-84B2-13D964C98365}"
EndProject
Global
	GlobalSection(SolutionConfigurationPlatforms) = preSolution
		Debug|Any CPU = Debug|Any CPU
		Release|Any CPU = Release|Any CPU
	EndGlobalSection
	GlobalSection(ProjectConfigurationPlatforms) = postSolution
		{08ADA952-163D-4B53-8C95-DDC5E271EE22}.Debug|Any CPU.ActiveCfg = Debug|Any CPU
		{08ADA952-163D-4B53-8C95-DDC5E271EE22}.Debug|Any CPU.Build.0 = Debug|Any CPU
		{08ADA952-163D-4B53-8C95-DDC5E271EE22}.Release|Any CPU.ActiveCfg = Release|Any CPU
		{08ADA952-163D-4B53-8C95-DDC5E271EE22}.Release|Any CPU.Build.0 = Release|Any CPU
		{10DF45A9-89BF-411E-8A1E-11929E8C9F62}.Debug|Any CPU.ActiveCfg = Debug|Any CPU
		{10DF45A9-89BF-411E-8A1E-11929E8C9F62}.Debug|Any CPU.Build.0 = Debug|Any CPU
		{10DF45A9-89BF-411E-8A1E-11929E8C9F62}.Release|Any CPU.ActiveCfg = Release|Any CPU
		{10DF45A9-89BF-411E-8A1E-11929E8C9F62}.Release|Any CPU.Build.0 = Release|Any CPU
		{D4EBFB29-81B3-43FA-97A8-3A6CF0FCC2B8}.Debug|Any CPU.ActiveCfg = Debug|Any CPU
		{D4EBFB29-81B3-43FA-97A8-3A6CF0FCC2B8}.Debug|Any CPU.Build.0 = Debug|Any CPU
		{D4EBFB29-81B3-43FA-97A8-3A6CF0FCC2B8}.Release|Any CPU.ActiveCfg = Release|Any CPU
		{D4EBFB29-81B3-43FA-97A8-3A6CF0FCC2B8}.Release|Any CPU.Build.0 = Release|Any CPU
		{3313D73D-C14E-4E50-87E3-293F2E1ED08C}.Debug|Any CPU.ActiveCfg = Debug|Any CPU
		{3313D73D-C14E-4E50-87E3-293F2E1ED08C}.Debug|Any CPU.Build.0 = Debug|Any CPU
		{3313D73D-C14E-4E50-87E3-293F2E1ED08C}.Release|Any CPU.ActiveCfg = Release|Any CPU
		{3313D73D-C14E-4E50-87E3-293F2E1ED08C}.Release|Any CPU.Build.0 = Release|Any CPU
		{4B77EA9C-BA7A-48D5-8696-7314A8B557BB}.Debug|Any CPU.ActiveCfg = Debug|Any CPU
		{4B77EA9C-BA7A-48D5-8696-7314A8B557BB}.Debug|Any CPU.Build.0 = Debug|Any CPU
		{4B77EA9C-BA7A-48D5-8696-7314A8B557BB}.Release|Any CPU.ActiveCfg = Release|Any CPU
		{4B77EA9C-BA7A-48D5-8696-7314A8B557BB}.Release|Any CPU.Build.0 = Release|Any CPU
		{CBF653AE-C456-4359-84B2-13D964C98365}.Debug|Any CPU.ActiveCfg = Debug|Any CPU
		{CBF653AE-C456-4359-84B2-13D964C98365}.Debug|Any CPU.Build.0 = Debug|Any CPU
		{CBF653AE-C456-4359-84B2-13D964C98365}.Release|Any CPU.ActiveCfg = Release|Any CPU
		{CBF653AE-C456-4359-84B2-13D964C98365}.Release|Any CPU.Build.0 = Release|Any CPU
	EndGlobalSection
	GlobalSection(SolutionProperties) = preSolution
		HideSolutionNode = FALSE
	EndGlobalSection
	GlobalSection(ExtensibilityGlobals) = postSolution
		SolutionGuid = {618B9A7B-8189-4706-BB6E-1A4D3D8249C5}
	EndGlobalSection
EndGlobal
